PODS:
  - Alamofire (5.4.1)
  - Cleanse (4.2.6)
  - ObjectMapper (4.2.0)
  - PromiseKit (6.13.1):
    - PromiseKit/CorePromise (= 6.13.1)
    - PromiseKit/Foundation (= 6.13.1)
    - PromiseKit/UIKit (= 6.13.1)
  - PromiseKit/CorePromise (6.13.1)
  - PromiseKit/Foundation (6.13.1):
    - PromiseKit/CorePromise
  - PromiseKit/UIKit (6.13.1):
    - PromiseKit/CorePromise

DEPENDENCIES:
  - Alamofire (~> 5.2)
  - Cleanse
  - ObjectMapper (~> 4.2.0)
  - PromiseKit (~> 6.8)

SPEC REPOS:
  trunk:
    - Alamofire
    - Cleanse
    - ObjectMapper
    - PromiseKit

SPEC CHECKSUMS:
  Alamofire: 2291f7d21ca607c491dd17642e5d40fdcda0e65c
  Cleanse: 6bfc62033dcc0e5ba7992f410a5352ddd1283551
  ObjectMapper: 1eb41f610210777375fa806bf161dc39fb832b81
  PromiseKit: 28fda91c973cc377875d8c0ea4f973013c05b6db

PODFILE CHECKSUM: 49f9fc3f0af29f38cf4340b8ffde79a30c7496d6

COCOAPODS: 1.10.0
